
Microsoft Visual Studio Solution File, Format Version 12.00
# Visual Studio Version 17
VisualStudioVersion = 17.11.35312.102
MinimumVisualStudioVersion = 10.0.40219.1
Project("{FAE04EC0-301F-11D3-BF4B-00C04F79EFBC}") = "JoyCase.App", "JoyCase.App\JoyCase.App.csproj", "{FFF4FD2F-E16C-4E0D-835C-4EAD4FAD56AB}"
EndProject
Project("{FAE04EC0-301F-11D3-BF4B-00C04F79EFBC}") = "JoyCase.Api", "JoyCase.Api\JoyCase.Api.csproj", "{033E8676-2977-4FA4-867B-3105F3808F21}"
EndProject
Project("{FAE04EC0-301F-11D3-BF4B-00C04F79EFBC}") = "JoyCase.Data", "JoyCase.Data\JoyCase.Data.csproj", "{0608A86A-B008-45EB-8CEE-E73CE78E17EC}"
EndProject
Project("{FAE04EC0-301F-11D3-BF4B-00C04F79EFBC}") = "JoyCase.Entity", "JoyCase.Entity\JoyCase.Entity.csproj", "{BFAAC0CC-9DDA-4A9A-94D8-0AA4B3D4874A}"
EndProject
Global
	GlobalSection(SolutionConfigurationPlatforms) = preSolution
		Debug|Any CPU = Debug|Any CPU
		Release|Any CPU = Release|Any CPU
	EndGlobalSection
	GlobalSection(ProjectConfigurationPlatforms) = postSolution
		{FFF4FD2F-E16C-4E0D-835C-4EAD4FAD56AB}.Debug|Any CPU.ActiveCfg = Debug|Any CPU
		{FFF4FD2F-E16C-4E0D-835C-4EAD4FAD56AB}.Debug|Any CPU.Build.0 = Debug|Any CPU
		{FFF4FD2F-E16C-4E0D-835C-4EAD4FAD56AB}.Release|Any CPU.ActiveCfg = Release|Any CPU
		{FFF4FD2F-E16C-4E0D-835C-4EAD4FAD56AB}.Release|Any CPU.Build.0 = Release|Any CPU
		{033E8676-2977-4FA4-867B-3105F3808F21}.Debug|Any CPU.ActiveCfg = Debug|Any CPU
		{033E8676-2977-4FA4-867B-3105F3808F21}.Debug|Any CPU.Build.0 = Debug|Any CPU
		{033E8676-2977-4FA4-867B-3105F3808F21}.Release|Any CPU.ActiveCfg = Release|Any CPU
		{033E8676-2977-4FA4-867B-3105F3808F21}.Release|Any CPU.Build.0 = Release|Any CPU
		{0608A86A-B008-45EB-8CEE-E73CE78E17EC}.Debug|Any CPU.ActiveCfg = Debug|Any CPU
		{0608A86A-B008-45EB-8CEE-E73CE78E17EC}.Debug|Any CPU.Build.0 = Debug|Any CPU
		{0608A86A-B008-45EB-8CEE-E73CE78E17EC}.Release|Any CPU.ActiveCfg = Release|Any CPU
		{0608A86A-B008-45EB-8CEE-E73CE78E17EC}.Release|Any CPU.Build.0 = Release|Any CPU
		{BFAAC0CC-9DDA-4A9A-94D8-0AA4B3D4874A}.Debug|Any CPU.ActiveCfg = Debug|Any CPU
		{BFAAC0CC-9DDA-4A9A-94D8-0AA4B3D4874A}.Debug|Any CPU.Build.0 = Debug|Any CPU
		{BFAAC0CC-9DDA-4A9A-94D8-0AA4B3D4874A}.Release|Any CPU.ActiveCfg = Release|Any CPU
		{BFAAC0CC-9DDA-4A9A-94D8-0AA4B3D4874A}.Release|Any CPU.Build.0 = Release|Any CPU
	EndGlobalSection
	GlobalSection(SolutionProperties) = preSolution
		HideSolutionNode = FALSE
	EndGlobalSection
	GlobalSection(ExtensibilityGlobals) = postSolution
		SolutionGuid = {A99EA4D8-5A1F-4EDA-B1CA-527A11F05BFF}
	EndGlobalSection
EndGlobal
